
Microsoft Visual Studio Solution File, Format Version 12.00
# Visual Studio Version 16
VisualStudioVersion = 16.0.29911.98
MinimumVisualStudioVersion = 10.0.40219.1
Project("{2150E333-8FDC-42A3-9474-1A3956D46DE8}") = "src", "src", "{18B8044A-DD06-4BA2-8452-7C8F4838D923}"
EndProject
Project("{2150E333-8FDC-42A3-9474-1A3956D46DE8}") = "sample", "sample", "{5A399E98-53C8-42DA-9407-FFC6B4AC6E31}"
EndProject
Project("{9A19103F-16F7-4668-BE54-9A1E7A4F7556}") = "RobustErrorHandler.Sample.ShapeDomain", "src\RobustErrorHandler.AspNetCore.ShapeDomain\RobustErrorHandler.Sample.ShapeDomain.csproj", "{51A4EE16-0913-4A07-87C5-8AC957B2D4B6}"
EndProject
Project("{9A19103F-16F7-4668-BE54-9A1E7A4F7556}") = "RobustErrorHandler.Sample.Api", "src\RobustErrorHandler.Sample.Api\RobustErrorHandler.Sample.Api.csproj", "{FDAEE560-FF3A-46B6-A597-CCFCB3BF1CE3}"
EndProject
Project("{9A19103F-16F7-4668-BE54-9A1E7A4F7556}") = "RobustErrorHandler.AspNetCore", "src\RobustErrorHandler.AspNetCore\RobustErrorHandler.AspNetCore.csproj", "{323AEFAC-261A-49F9-890A-6B357C446479}"
EndProject
Global
	GlobalSection(SolutionConfigurationPlatforms) = preSolution
		Debug|Any CPU = Debug|Any CPU
		Release|Any CPU = Release|Any CPU
	EndGlobalSection
	GlobalSection(ProjectConfigurationPlatforms) = postSolution
		{51A4EE16-0913-4A07-87C5-8AC957B2D4B6}.Debug|Any CPU.ActiveCfg = Debug|Any CPU
		{51A4EE16-0913-4A07-87C5-8AC957B2D4B6}.Debug|Any CPU.Build.0 = Debug|Any CPU
		{51A4EE16-0913-4A07-87C5-8AC957B2D4B6}.Release|Any CPU.ActiveCfg = Release|Any CPU
		{51A4EE16-0913-4A07-87C5-8AC957B2D4B6}.Release|Any CPU.Build.0 = Release|Any CPU
		{FDAEE560-FF3A-46B6-A597-CCFCB3BF1CE3}.Debug|Any CPU.ActiveCfg = Debug|Any CPU
		{FDAEE560-FF3A-46B6-A597-CCFCB3BF1CE3}.Debug|Any CPU.Build.0 = Debug|Any CPU
		{FDAEE560-FF3A-46B6-A597-CCFCB3BF1CE3}.Release|Any CPU.ActiveCfg = Release|Any CPU
		{FDAEE560-FF3A-46B6-A597-CCFCB3BF1CE3}.Release|Any CPU.Build.0 = Release|Any CPU
		{323AEFAC-261A-49F9-890A-6B357C446479}.Debug|Any CPU.ActiveCfg = Debug|Any CPU
		{323AEFAC-261A-49F9-890A-6B357C446479}.Debug|Any CPU.Build.0 = Debug|Any CPU
		{323AEFAC-261A-49F9-890A-6B357C446479}.Release|Any CPU.ActiveCfg = Release|Any CPU
		{323AEFAC-261A-49F9-890A-6B357C446479}.Release|Any CPU.Build.0 = Release|Any CPU
	EndGlobalSection
	GlobalSection(SolutionProperties) = preSolution
		HideSolutionNode = FALSE
	EndGlobalSection
	GlobalSection(NestedProjects) = preSolution
		{51A4EE16-0913-4A07-87C5-8AC957B2D4B6} = {5A399E98-53C8-42DA-9407-FFC6B4AC6E31}
		{FDAEE560-FF3A-46B6-A597-CCFCB3BF1CE3} = {5A399E98-53C8-42DA-9407-FFC6B4AC6E31}
		{323AEFAC-261A-49F9-890A-6B357C446479} = {18B8044A-DD06-4BA2-8452-7C8F4838D923}
	EndGlobalSection
	GlobalSection(ExtensibilityGlobals) = postSolution
		SolutionGuid = {F8FB3CAA-C8FD-4FE1-AC98-464C14664134}
	EndGlobalSection
EndGlobal
